
Microsoft Visual Studio Solution File, Format Version 12.00
# Visual Studio Version 17
VisualStudioVersion = 17.3.32804.467
MinimumVisualStudioVersion = 10.0.40219.1
Project("{FAE04EC0-301F-11D3-BF4B-00C04F79EFBC}") = "Circlearea", "Circlearea\Circlearea.csproj", "{A704545A-3147-4084-AD71-6EFE4445D0A2}"
EndProject
Global
	GlobalSection(SolutionConfigurationPlatforms) = preSolution
		Debug|Any CPU = Debug|Any CPU
		Release|Any CPU = Release|Any CPU
	EndGlobalSection
	GlobalSection(ProjectConfigurationPlatforms) = postSolution
		{A704545A-3147-4084-AD71-6EFE4445D0A2}.Debug|Any CPU.ActiveCfg = Debug|Any CPU
		{A704545A-3147-4084-AD71-6EFE4445D0A2}.Debug|Any CPU.Build.0 = Debug|Any CPU
		{A704545A-3147-4084-AD71-6EFE4445D0A2}.Release|Any CPU.ActiveCfg = Release|Any CPU
		{A704545A-3147-4084-AD71-6EFE4445D0A2}.Release|Any CPU.Build.0 = Release|Any CPU
	EndGlobalSection
	GlobalSection(SolutionProperties) = preSolution
		HideSolutionNode = FALSE
	EndGlobalSection
	GlobalSection(ExtensibilityGlobals) = postSolution
		SolutionGuid = {6F66A98A-C178-433E-8C78-3BCA4CB75359}
	EndGlobalSection
EndGlobal
